<?xml version="1.0" encoding="UTF-8" standalone="yes" ?>
<CodeBlocks_project_file>
	<FileVersion major="1" minor="6" />
	<Project>
		<Option title="ds3pktccf" />
		<Option pch_mode="2" />
		<Option compiler="gcc" />
		<Build>
			<Target title="Debug">
				<Option output="bin/Debug/ds3pktccf" prefix_auto="1" extension_auto="1" />
				<Option object_output="obj/Debug/" />
				<Option type="1" />
				<Option compiler="gcc" />
				<Compiler>
					<Add option="-g" />
				</Compiler>
			</Target>
			<Target title="Release">
				<Option output="bin/Release/ds3pktccf" prefix_auto="1" extension_auto="1" />
				<Option object_output="obj/Release/" />
				<Option type="1" />
				<Option compiler="gcc" />
				<Compiler>
					<Add option="-O2" />
				</Compiler>
				<Linker>
					<Add option="-s" />
				</Linker>
			</Target>
		</Build>
		<Compiler>
			<Add option="-Wall" />
			<Add option="-fexceptions" />
			<Add option="-fpermissive" />
			<Add option="-DTESTCCF=1" />
			<Add option="-DCCFDEBUG=1" />
			<Add directory="../../cache-git/include" />
		</Compiler>
		<Unit filename="../src/ds3ccfns2.cc" />
		<Unit filename="../src/ds3ccfns2.h" />
		<Unit filename="../src/ds3pktbuf.cc" />
		<Unit filename="../src/ds3pktbuf.h" />
		<Unit filename="../src/ds3pktccf.cc" />
		<Unit filename="../src/ds3pktccf.h" />
		<Unit filename="../src/ds3pktgnc.cc" />
		<Unit filename="../src/ds3pktgnc.h" />
		<Unit filename="../src/testccf.cc" />
		<Unit filename="../src/testccf.h" />
		<Unit filename="../src/testmac.cc" />
		<Unit filename="../src/testmac.h" />
		<Unit filename="../src/unittest.cc" />
		<Extensions>
			<code_completion />
			<envvars />
			<debugger />
		</Extensions>
	</Project>
</CodeBlocks_project_file>
